
Microsoft Visual Studio Solution File, Format Version 12.00
# Visual Studio Version 16
VisualStudioVersion = 16.0.31424.327
MinimumVisualStudioVersion = 10.0.40219.1
Project("{9A19103F-16F7-4668-BE54-9A1E7A4F7556}") = "TestGenerator", "TestGenerator.csproj", "{C4B4AE26-43C0-40EE-B56F-EEBB1A167EF0}"
EndProject
Project("{9A19103F-16F7-4668-BE54-9A1E7A4F7556}") = "ConsoleApp", "..\ConsoleApp\ConsoleApp.csproj", "{0E611F34-4A23-4083-9C6F-407DDFE91F89}"
EndProject
Project("{FAE04EC0-301F-11D3-BF4B-00C04F79EFBC}") = "TestProject1", "..\TestProject1\TestProject1.csproj", "{4C7589A1-3E29-4123-A7D3-5C03FE2C0310}"
EndProject
Global
	GlobalSection(SolutionConfigurationPlatforms) = preSolution
		Debug|Any CPU = Debug|Any CPU
		Release|Any CPU = Release|Any CPU
	EndGlobalSection
	GlobalSection(ProjectConfigurationPlatforms) = postSolution
		{C4B4AE26-43C0-40EE-B56F-EEBB1A167EF0}.Debug|Any CPU.ActiveCfg = Debug|Any CPU
		{C4B4AE26-43C0-40EE-B56F-EEBB1A167EF0}.Debug|Any CPU.Build.0 = Debug|Any CPU
		{C4B4AE26-43C0-40EE-B56F-EEBB1A167EF0}.Release|Any CPU.ActiveCfg = Release|Any CPU
		{C4B4AE26-43C0-40EE-B56F-EEBB1A167EF0}.Release|Any CPU.Build.0 = Release|Any CPU
		{0E611F34-4A23-4083-9C6F-407DDFE91F89}.Debug|Any CPU.ActiveCfg = Debug|Any CPU
		{0E611F34-4A23-4083-9C6F-407DDFE91F89}.Debug|Any CPU.Build.0 = Debug|Any CPU
		{0E611F34-4A23-4083-9C6F-407DDFE91F89}.Release|Any CPU.ActiveCfg = Release|Any CPU
		{0E611F34-4A23-4083-9C6F-407DDFE91F89}.Release|Any CPU.Build.0 = Release|Any CPU
		{4C7589A1-3E29-4123-A7D3-5C03FE2C0310}.Debug|Any CPU.ActiveCfg = Debug|Any CPU
		{4C7589A1-3E29-4123-A7D3-5C03FE2C0310}.Debug|Any CPU.Build.0 = Debug|Any CPU
		{4C7589A1-3E29-4123-A7D3-5C03FE2C0310}.Release|Any CPU.ActiveCfg = Release|Any CPU
		{4C7589A1-3E29-4123-A7D3-5C03FE2C0310}.Release|Any CPU.Build.0 = Release|Any CPU
	EndGlobalSection
	GlobalSection(SolutionProperties) = preSolution
		HideSolutionNode = FALSE
	EndGlobalSection
	GlobalSection(ExtensibilityGlobals) = postSolution
		SolutionGuid = {31CD6C92-0E2E-4B29-91A6-7BE2595078FB}
	EndGlobalSection
EndGlobal
